
Microsoft Visual Studio Solution File, Format Version 12.00
# Visual Studio Version 17
VisualStudioVersion = 17.4.33205.214
MinimumVisualStudioVersion = 10.0.40219.1
Project("{9A19103F-16F7-4668-BE54-9A1E7A4F7556}") = "OTools.Common", "src\OTools.Common\OTools.Common.csproj", "{C02B02E1-7118-4CA2-B612-75181A6C8FA1}"
EndProject
Project("{9A19103F-16F7-4668-BE54-9A1E7A4F7556}") = "OTools.Map", "src\OTools.Map\OTools.Map.csproj", "{5CFAAF12-7A83-424F-AC47-02B8EC0CE076}"
EndProject
Project("{9A19103F-16F7-4668-BE54-9A1E7A4F7556}") = "OTools.Course", "src\OTools.Course\OTools.Course.csproj", "{60EF8E1D-0FBB-4965-A455-82D496BA8FA2}"
	ProjectSection(ProjectDependencies) = postProject
		{5CFAAF12-7A83-424F-AC47-02B8EC0CE076} = {5CFAAF12-7A83-424F-AC47-02B8EC0CE076}
		{C02B02E1-7118-4CA2-B612-75181A6C8FA1} = {C02B02E1-7118-4CA2-B612-75181A6C8FA1}
	EndProjectSection
EndProject
Project("{9A19103F-16F7-4668-BE54-9A1E7A4F7556}") = "OTools.Event", "src\OTools.Event\OTools.Event.csproj", "{A73FA582-4BC4-4FC6-992F-E661ECE93243}"
	ProjectSection(ProjectDependencies) = postProject
		{C02B02E1-7118-4CA2-B612-75181A6C8FA1} = {C02B02E1-7118-4CA2-B612-75181A6C8FA1}
	EndProjectSection
EndProject
Project("{9A19103F-16F7-4668-BE54-9A1E7A4F7556}") = "OTools.FileFormatConverter", "src\OTools.FileFormatConverter\OTools.FileFormatConverter.csproj", "{9C96D57C-0231-4EDC-A7CB-100AC8D12C9A}"
	ProjectSection(ProjectDependencies) = postProject
		{5CFAAF12-7A83-424F-AC47-02B8EC0CE076} = {5CFAAF12-7A83-424F-AC47-02B8EC0CE076}
		{60EF8E1D-0FBB-4965-A455-82D496BA8FA2} = {60EF8E1D-0FBB-4965-A455-82D496BA8FA2}
	EndProjectSection
EndProject
Project("{9A19103F-16F7-4668-BE54-9A1E7A4F7556}") = "OTools.OML", "src\OTools.OML\OTools.OML.csproj", "{483B4CD3-A130-4FDE-99BA-7CED802E90CD}"
	ProjectSection(ProjectDependencies) = postProject
		{5CFAAF12-7A83-424F-AC47-02B8EC0CE076} = {5CFAAF12-7A83-424F-AC47-02B8EC0CE076}
	EndProjectSection
EndProject
Project("{9A19103F-16F7-4668-BE54-9A1E7A4F7556}") = "OTools.2DObjectRenderer", "src\OTools.2DObjectRenderer\OTools.2DObjectRenderer.csproj", "{98966DAC-1FFA-45B2-8143-BF814462AA7F}"
	ProjectSection(ProjectDependencies) = postProject
		{C02B02E1-7118-4CA2-B612-75181A6C8FA1} = {C02B02E1-7118-4CA2-B612-75181A6C8FA1}
	EndProjectSection
EndProject
Project("{9A19103F-16F7-4668-BE54-9A1E7A4F7556}") = "OTools.3DObjectRenderer", "src\OTools.3DObjectRenderer\OTools.3DObjectRenderer.csproj", "{D87D07D8-C506-4854-8849-609CC834790D}"
EndProject
Project("{9A19103F-16F7-4668-BE54-9A1E7A4F7556}") = "OTools.Pathfinder", "src\OTools.Pathfinder\OTools.Pathfinder.csproj", "{4994A247-1F49-4B34-9E02-0FDB73BCE9B0}"
EndProject
Project("{9A19103F-16F7-4668-BE54-9A1E7A4F7556}") = "OTools.EmitIntegrator", "src\OTools.EmitIntegrator\OTools.EmitIntegrator.csproj", "{D3F1341E-BCE3-4DB2-B6E5-A2F0BA4761C4}"
EndProject
Project("{9A19103F-16F7-4668-BE54-9A1E7A4F7556}") = "OTools.SiIntegrator", "src\OTools.SiIntegrator\OTools.SiIntegrator.csproj", "{3AD306DE-5689-4911-BB16-DCEE552EA996}"
EndProject
Project("{9A19103F-16F7-4668-BE54-9A1E7A4F7556}") = "OTools.StartTimeDistributor", "src\OTools.StartTimeDistributor\OTools.StartTimeDistributor.csproj", "{AF7EE686-6418-49A8-9BBC-48CA59BC5BFA}"
EndProject
Project("{9A19103F-16F7-4668-BE54-9A1E7A4F7556}") = "OTools.GisDataProcessor", "src\OTools.GisDataProcessor\OTools.GisDataProcessor.csproj", "{45EE52B2-26C8-4B10-BC48-729967503484}"
EndProject
Project("{2150E333-8FDC-42A3-9474-1A3956D46DE8}") = "Test", "Test", "{4CCA9DF2-7BBB-45C8-8C1E-17DB6A1F2D24}"
EndProject
Project("{9A19103F-16F7-4668-BE54-9A1E7A4F7556}") = "Console", "test\Console\Console.csproj", "{A145A962-E9DE-4BEB-AF60-0632151E4782}"
EndProject
Project("{9A19103F-16F7-4668-BE54-9A1E7A4F7556}") = "OTools.MapViewer", "src\OTools.MapViewer\OTools.MapViewer.csproj", "{F2D0A36E-BC6F-40A0-9944-1A0AFBA49AB1}"
EndProject
Project("{9A19103F-16F7-4668-BE54-9A1E7A4F7556}") = "OTools.MapMaker", "src\OTools.MapMaker\OTools.MapMaker.csproj", "{AFF320B0-9FA5-4CD9-A1BB-186CC2970FDB}"
EndProject
Project("{9A19103F-16F7-4668-BE54-9A1E7A4F7556}") = "OTools.CoursePlanner", "src\OTools.CoursePlanner\OTools.CoursePlanner.csproj", "{EF9F7563-5F81-4967-B38C-7E4221E4F2AD}"
EndProject
Project("{9A19103F-16F7-4668-BE54-9A1E7A4F7556}") = "OTools.Routechoice", "src\OTools.Routechoice\OTools.Routechoice.csproj", "{93FA353E-9412-4CBD-A273-3C6509D1543B}"
EndProject
Project("{9A19103F-16F7-4668-BE54-9A1E7A4F7556}") = "OTools.AvaCommon", "src\OTools.AvaCommon\OTools.AvaCommon.csproj", "{F063C9F6-0544-4E0D-9613-F8A482D2A932}"
EndProject
Project("{9A19103F-16F7-4668-BE54-9A1E7A4F7556}") = "OTools.SymbolSet", "src\OTools.SymbolSet\OTools.SymbolSet.csproj", "{E9F561B7-236D-4C35-9E51-3166C7ECA10D}"
EndProject
Project("{FAE04EC0-301F-11D3-BF4B-00C04F79EFBC}") = "ColourSwop", "test\ColourSwop\ColourSwop.csproj", "{E762267B-0191-498B-A8BC-D328304EC2AF}"
EndProject
Global
	GlobalSection(SolutionConfigurationPlatforms) = preSolution
		Debug|Any CPU = Debug|Any CPU
		Release|Any CPU = Release|Any CPU
	EndGlobalSection
	GlobalSection(ProjectConfigurationPlatforms) = postSolution
		{C02B02E1-7118-4CA2-B612-75181A6C8FA1}.Debug|Any CPU.ActiveCfg = Debug|Any CPU
		{C02B02E1-7118-4CA2-B612-75181A6C8FA1}.Debug|Any CPU.Build.0 = Debug|Any CPU
		{C02B02E1-7118-4CA2-B612-75181A6C8FA1}.Release|Any CPU.ActiveCfg = Release|Any CPU
		{C02B02E1-7118-4CA2-B612-75181A6C8FA1}.Release|Any CPU.Build.0 = Release|Any CPU
		{5CFAAF12-7A83-424F-AC47-02B8EC0CE076}.Debug|Any CPU.ActiveCfg = Debug|Any CPU
		{5CFAAF12-7A83-424F-AC47-02B8EC0CE076}.Debug|Any CPU.Build.0 = Debug|Any CPU
		{5CFAAF12-7A83-424F-AC47-02B8EC0CE076}.Release|Any CPU.ActiveCfg = Release|Any CPU
		{5CFAAF12-7A83-424F-AC47-02B8EC0CE076}.Release|Any CPU.Build.0 = Release|Any CPU
		{60EF8E1D-0FBB-4965-A455-82D496BA8FA2}.Debug|Any CPU.ActiveCfg = Debug|Any CPU
		{60EF8E1D-0FBB-4965-A455-82D496BA8FA2}.Debug|Any CPU.Build.0 = Debug|Any CPU
		{60EF8E1D-0FBB-4965-A455-82D496BA8FA2}.Release|Any CPU.ActiveCfg = Release|Any CPU
		{60EF8E1D-0FBB-4965-A455-82D496BA8FA2}.Release|Any CPU.Build.0 = Release|Any CPU
		{A73FA582-4BC4-4FC6-992F-E661ECE93243}.Debug|Any CPU.ActiveCfg = Debug|Any CPU
		{A73FA582-4BC4-4FC6-992F-E661ECE93243}.Debug|Any CPU.Build.0 = Debug|Any CPU
		{A73FA582-4BC4-4FC6-992F-E661ECE93243}.Release|Any CPU.ActiveCfg = Release|Any CPU
		{A73FA582-4BC4-4FC6-992F-E661ECE93243}.Release|Any CPU.Build.0 = Release|Any CPU
		{9C96D57C-0231-4EDC-A7CB-100AC8D12C9A}.Debug|Any CPU.ActiveCfg = Debug|Any CPU
		{9C96D57C-0231-4EDC-A7CB-100AC8D12C9A}.Debug|Any CPU.Build.0 = Debug|Any CPU
		{9C96D57C-0231-4EDC-A7CB-100AC8D12C9A}.Release|Any CPU.ActiveCfg = Release|Any CPU
		{9C96D57C-0231-4EDC-A7CB-100AC8D12C9A}.Release|Any CPU.Build.0 = Release|Any CPU
		{483B4CD3-A130-4FDE-99BA-7CED802E90CD}.Debug|Any CPU.ActiveCfg = Debug|Any CPU
		{483B4CD3-A130-4FDE-99BA-7CED802E90CD}.Debug|Any CPU.Build.0 = Debug|Any CPU
		{483B4CD3-A130-4FDE-99BA-7CED802E90CD}.Release|Any CPU.ActiveCfg = Release|Any CPU
		{483B4CD3-A130-4FDE-99BA-7CED802E90CD}.Release|Any CPU.Build.0 = Release|Any CPU
		{98966DAC-1FFA-45B2-8143-BF814462AA7F}.Debug|Any CPU.ActiveCfg = Debug|Any CPU
		{98966DAC-1FFA-45B2-8143-BF814462AA7F}.Debug|Any CPU.Build.0 = Debug|Any CPU
		{98966DAC-1FFA-45B2-8143-BF814462AA7F}.Release|Any CPU.ActiveCfg = Release|Any CPU
		{98966DAC-1FFA-45B2-8143-BF814462AA7F}.Release|Any CPU.Build.0 = Release|Any CPU
		{D87D07D8-C506-4854-8849-609CC834790D}.Debug|Any CPU.ActiveCfg = Debug|Any CPU
		{D87D07D8-C506-4854-8849-609CC834790D}.Debug|Any CPU.Build.0 = Debug|Any CPU
		{D87D07D8-C506-4854-8849-609CC834790D}.Release|Any CPU.ActiveCfg = Release|Any CPU
		{D87D07D8-C506-4854-8849-609CC834790D}.Release|Any CPU.Build.0 = Release|Any CPU
		{4994A247-1F49-4B34-9E02-0FDB73BCE9B0}.Debug|Any CPU.ActiveCfg = Debug|Any CPU
		{4994A247-1F49-4B34-9E02-0FDB73BCE9B0}.Debug|Any CPU.Build.0 = Debug|Any CPU
		{4994A247-1F49-4B34-9E02-0FDB73BCE9B0}.Release|Any CPU.ActiveCfg = Release|Any CPU
		{4994A247-1F49-4B34-9E02-0FDB73BCE9B0}.Release|Any CPU.Build.0 = Release|Any CPU
		{D3F1341E-BCE3-4DB2-B6E5-A2F0BA4761C4}.Debug|Any CPU.ActiveCfg = Debug|Any CPU
		{D3F1341E-BCE3-4DB2-B6E5-A2F0BA4761C4}.Debug|Any CPU.Build.0 = Debug|Any CPU
		{D3F1341E-BCE3-4DB2-B6E5-A2F0BA4761C4}.Release|Any CPU.ActiveCfg = Release|Any CPU
		{D3F1341E-BCE3-4DB2-B6E5-A2F0BA4761C4}.Release|Any CPU.Build.0 = Release|Any CPU
		{3AD306DE-5689-4911-BB16-DCEE552EA996}.Debug|Any CPU.ActiveCfg = Debug|Any CPU
		{3AD306DE-5689-4911-BB16-DCEE552EA996}.Debug|Any CPU.Build.0 = Debug|Any CPU
		{3AD306DE-5689-4911-BB16-DCEE552EA996}.Release|Any CPU.ActiveCfg = Release|Any CPU
		{3AD306DE-5689-4911-BB16-DCEE552EA996}.Release|Any CPU.Build.0 = Release|Any CPU
		{AF7EE686-6418-49A8-9BBC-48CA59BC5BFA}.Debug|Any CPU.ActiveCfg = Debug|Any CPU
		{AF7EE686-6418-49A8-9BBC-48CA59BC5BFA}.Debug|Any CPU.Build.0 = Debug|Any CPU
		{AF7EE686-6418-49A8-9BBC-48CA59BC5BFA}.Release|Any CPU.ActiveCfg = Release|Any CPU
		{AF7EE686-6418-49A8-9BBC-48CA59BC5BFA}.Release|Any CPU.Build.0 = Release|Any CPU
		{45EE52B2-26C8-4B10-BC48-729967503484}.Debug|Any CPU.ActiveCfg = Debug|Any CPU
		{45EE52B2-26C8-4B10-BC48-729967503484}.Debug|Any CPU.Build.0 = Debug|Any CPU
		{45EE52B2-26C8-4B10-BC48-729967503484}.Release|Any CPU.ActiveCfg = Release|Any CPU
		{45EE52B2-26C8-4B10-BC48-729967503484}.Release|Any CPU.Build.0 = Release|Any CPU
		{A145A962-E9DE-4BEB-AF60-0632151E4782}.Debug|Any CPU.ActiveCfg = Debug|Any CPU
		{A145A962-E9DE-4BEB-AF60-0632151E4782}.Debug|Any CPU.Build.0 = Debug|Any CPU
		{A145A962-E9DE-4BEB-AF60-0632151E4782}.Release|Any CPU.ActiveCfg = Release|Any CPU
		{A145A962-E9DE-4BEB-AF60-0632151E4782}.Release|Any CPU.Build.0 = Release|Any CPU
		{F2D0A36E-BC6F-40A0-9944-1A0AFBA49AB1}.Debug|Any CPU.ActiveCfg = Debug|Any CPU
		{F2D0A36E-BC6F-40A0-9944-1A0AFBA49AB1}.Debug|Any CPU.Build.0 = Debug|Any CPU
		{F2D0A36E-BC6F-40A0-9944-1A0AFBA49AB1}.Release|Any CPU.ActiveCfg = Release|Any CPU
		{F2D0A36E-BC6F-40A0-9944-1A0AFBA49AB1}.Release|Any CPU.Build.0 = Release|Any CPU
		{AFF320B0-9FA5-4CD9-A1BB-186CC2970FDB}.Debug|Any CPU.ActiveCfg = Debug|Any CPU
		{AFF320B0-9FA5-4CD9-A1BB-186CC2970FDB}.Debug|Any CPU.Build.0 = Debug|Any CPU
		{AFF320B0-9FA5-4CD9-A1BB-186CC2970FDB}.Release|Any CPU.ActiveCfg = Release|Any CPU
		{AFF320B0-9FA5-4CD9-A1BB-186CC2970FDB}.Release|Any CPU.Build.0 = Release|Any CPU
		{EF9F7563-5F81-4967-B38C-7E4221E4F2AD}.Debug|Any CPU.ActiveCfg = Debug|Any CPU
		{EF9F7563-5F81-4967-B38C-7E4221E4F2AD}.Debug|Any CPU.Build.0 = Debug|Any CPU
		{EF9F7563-5F81-4967-B38C-7E4221E4F2AD}.Release|Any CPU.ActiveCfg = Release|Any CPU
		{EF9F7563-5F81-4967-B38C-7E4221E4F2AD}.Release|Any CPU.Build.0 = Release|Any CPU
		{93FA353E-9412-4CBD-A273-3C6509D1543B}.Debug|Any CPU.ActiveCfg = Debug|Any CPU
		{93FA353E-9412-4CBD-A273-3C6509D1543B}.Debug|Any CPU.Build.0 = Debug|Any CPU
		{93FA353E-9412-4CBD-A273-3C6509D1543B}.Release|Any CPU.ActiveCfg = Release|Any CPU
		{93FA353E-9412-4CBD-A273-3C6509D1543B}.Release|Any CPU.Build.0 = Release|Any CPU
		{F063C9F6-0544-4E0D-9613-F8A482D2A932}.Debug|Any CPU.ActiveCfg = Debug|Any CPU
		{F063C9F6-0544-4E0D-9613-F8A482D2A932}.Debug|Any CPU.Build.0 = Debug|Any CPU
		{F063C9F6-0544-4E0D-9613-F8A482D2A932}.Release|Any CPU.ActiveCfg = Release|Any CPU
		{F063C9F6-0544-4E0D-9613-F8A482D2A932}.Release|Any CPU.Build.0 = Release|Any CPU
		{E9F561B7-236D-4C35-9E51-3166C7ECA10D}.Debug|Any CPU.ActiveCfg = Debug|Any CPU
		{E9F561B7-236D-4C35-9E51-3166C7ECA10D}.Debug|Any CPU.Build.0 = Debug|Any CPU
		{E9F561B7-236D-4C35-9E51-3166C7ECA10D}.Release|Any CPU.ActiveCfg = Release|Any CPU
		{E9F561B7-236D-4C35-9E51-3166C7ECA10D}.Release|Any CPU.Build.0 = Release|Any CPU
		{E762267B-0191-498B-A8BC-D328304EC2AF}.Debug|Any CPU.ActiveCfg = Debug|Any CPU
		{E762267B-0191-498B-A8BC-D328304EC2AF}.Debug|Any CPU.Build.0 = Debug|Any CPU
		{E762267B-0191-498B-A8BC-D328304EC2AF}.Release|Any CPU.ActiveCfg = Release|Any CPU
		{E762267B-0191-498B-A8BC-D328304EC2AF}.Release|Any CPU.Build.0 = Release|Any CPU
	EndGlobalSection
	GlobalSection(SolutionProperties) = preSolution
		HideSolutionNode = FALSE
	EndGlobalSection
	GlobalSection(NestedProjects) = preSolution
		{A145A962-E9DE-4BEB-AF60-0632151E4782} = {4CCA9DF2-7BBB-45C8-8C1E-17DB6A1F2D24}
		{E762267B-0191-498B-A8BC-D328304EC2AF} = {4CCA9DF2-7BBB-45C8-8C1E-17DB6A1F2D24}
	EndGlobalSection
	GlobalSection(ExtensibilityGlobals) = postSolution
		SolutionGuid = {5827591C-8AF3-43EE-AD3F-8E7FBE7C7EC9}
	EndGlobalSection
EndGlobal
